
Microsoft Visual Studio Solution File, Format Version 12.00
# Visual Studio Version 16
VisualStudioVersion = 16.0.29418.71
MinimumVisualStudioVersion = 10.0.40219.1
Project("{8BC9CEB8-8B4A-11D0-8D11-00A0C91BC942}") = "vlojenif", "vlojenif.vcxproj", "{97839D13-E1EE-482C-8FD1-50F9FB97EA95}"
EndProject
Global
	GlobalSection(SolutionConfigurationPlatforms) = preSolution
		Debug|x64 = Debug|x64
		Debug|x86 = Debug|x86
		Release|x64 = Release|x64
		Release|x86 = Release|x86
	EndGlobalSection
	GlobalSection(ProjectConfigurationPlatforms) = postSolution
		{97839D13-E1EE-482C-8FD1-50F9FB97EA95}.Debug|x64.ActiveCfg = Debug|x64
		{97839D13-E1EE-482C-8FD1-50F9FB97EA95}.Debug|x64.Build.0 = Debug|x64
		{97839D13-E1EE-482C-8FD1-50F9FB97EA95}.Debug|x86.ActiveCfg = Debug|Win32
		{97839D13-E1EE-482C-8FD1-50F9FB97EA95}.Debug|x86.Build.0 = Debug|Win32
		{97839D13-E1EE-482C-8FD1-50F9FB97EA95}.Release|x64.ActiveCfg = Release|x64
		{97839D13-E1EE-482C-8FD1-50F9FB97EA95}.Release|x64.Build.0 = Release|x64
		{97839D13-E1EE-482C-8FD1-50F9FB97EA95}.Release|x86.ActiveCfg = Release|Win32
		{97839D13-E1EE-482C-8FD1-50F9FB97EA95}.Release|x86.Build.0 = Release|Win32
	EndGlobalSection
	GlobalSection(SolutionProperties) = preSolution
		HideSolutionNode = FALSE
	EndGlobalSection
	GlobalSection(ExtensibilityGlobals) = postSolution
		SolutionGuid = {CB2DD9E1-8E9A-47CC-8C92-229FA584B4F8}
	EndGlobalSection
EndGlobal
