
Microsoft Visual Studio Solution File, Format Version 12.00
# Visual Studio Version 16
VisualStudioVersion = 16.0.29709.97
MinimumVisualStudioVersion = 10.0.40219.1
Project("{8BC9CEB8-8B4A-11D0-8D11-00A0C91BC942}") = "loop2", "loop2.vcxproj", "{FFC17DE1-F18C-4E15-B16C-FF926CB1B365}"
EndProject
Global
	GlobalSection(SolutionConfigurationPlatforms) = preSolution
		Debug|x64 = Debug|x64
		Debug|x86 = Debug|x86
		Release|x64 = Release|x64
		Release|x86 = Release|x86
	EndGlobalSection
	GlobalSection(ProjectConfigurationPlatforms) = postSolution
		{FFC17DE1-F18C-4E15-B16C-FF926CB1B365}.Debug|x64.ActiveCfg = Debug|x64
		{FFC17DE1-F18C-4E15-B16C-FF926CB1B365}.Debug|x64.Build.0 = Debug|x64
		{FFC17DE1-F18C-4E15-B16C-FF926CB1B365}.Debug|x86.ActiveCfg = Debug|Win32
		{FFC17DE1-F18C-4E15-B16C-FF926CB1B365}.Debug|x86.Build.0 = Debug|Win32
		{FFC17DE1-F18C-4E15-B16C-FF926CB1B365}.Release|x64.ActiveCfg = Release|x64
		{FFC17DE1-F18C-4E15-B16C-FF926CB1B365}.Release|x64.Build.0 = Release|x64
		{FFC17DE1-F18C-4E15-B16C-FF926CB1B365}.Release|x86.ActiveCfg = Release|Win32
		{FFC17DE1-F18C-4E15-B16C-FF926CB1B365}.Release|x86.Build.0 = Release|Win32
	EndGlobalSection
	GlobalSection(SolutionProperties) = preSolution
		HideSolutionNode = FALSE
	EndGlobalSection
	GlobalSection(ExtensibilityGlobals) = postSolution
		SolutionGuid = {08A3EAE4-D69A-4CAA-9212-D9866A4500A7}
	EndGlobalSection
EndGlobal
