
Microsoft Visual Studio Solution File, Format Version 12.00
# Visual Studio Version 16
VisualStudioVersion = 16.0.29806.167
MinimumVisualStudioVersion = 10.0.40219.1
Project("{9A19103F-16F7-4668-BE54-9A1E7A4F7556}") = "FundExamPrep2", "FundExamPrep2.csproj", "{DAB0F7CA-51E7-4D44-A6D8-3EDC43852A2C}"
EndProject
Project("{9A19103F-16F7-4668-BE54-9A1E7A4F7556}") = "6.1.EmailValidator", "..\6.1.EmailValidator\6.1.EmailValidator.csproj", "{2DD095BB-6FE3-4C0D-A669-13A9F959280F}"
EndProject
Project("{9A19103F-16F7-4668-BE54-9A1E7A4F7556}") = "6.2.Registration", "..\6.2.Registration\6.2.Registration.csproj", "{F7998CBB-7F07-4EE7-9DDE-5D82B8AACE5F}"
EndProject
Project("{9A19103F-16F7-4668-BE54-9A1E7A4F7556}") = "6.3.InboxManager", "..\6.3.InboxManager\6.3.InboxManager.csproj", "{709ED1D7-7167-4370-A303-6AF2B27795AC}"
EndProject
Project("{9A19103F-16F7-4668-BE54-9A1E7A4F7556}") = "7.1.Username", "..\7.1.Username\7.1.Username.csproj", "{2CB30AEB-C2E9-4BD4-A215-1338AF15B670}"
EndProject
Project("{9A19103F-16F7-4668-BE54-9A1E7A4F7556}") = "7.2.Password", "..\7.2.Password\7.2.Password.csproj", "{C0CA6A62-A194-4354-BEC7-A4C94847FBDA}"
EndProject
Project("{9A19103F-16F7-4668-BE54-9A1E7A4F7556}") = "7.3.Followers", "..\7.3.Followers\7.3.Followers.csproj", "{3C1A2757-65DF-47D2-B46B-4CD0531D974D}"
EndProject
Project("{9A19103F-16F7-4668-BE54-9A1E7A4F7556}") = "8.1.StringManipulator", "..\8.1.StringManipulator\8.1.StringManipulator.csproj", "{B84B1E86-3A9D-4DC0-8394-8D047FAFBECB}"
EndProject
Project("{9A19103F-16F7-4668-BE54-9A1E7A4F7556}") = "8.2.MessageEncrypter", "..\8.2.MessageEncrypter\8.2.MessageEncrypter.csproj", "{D159DE99-926F-4701-BD88-16EC69FD3E6A}"
EndProject
Project("{9A19103F-16F7-4668-BE54-9A1E7A4F7556}") = "8.3.BattleManager", "..\8.3.BattleManager\8.3.BattleManager.csproj", "{4F38114D-EDDE-4DC0-98DB-B3D02592C2E7}"
EndProject
Project("{9A19103F-16F7-4668-BE54-9A1E7A4F7556}") = "9.1.StringManipulator1", "..\9.1.StringManipulator1\9.1.StringManipulator1.csproj", "{C78A451E-5045-4B3D-BD45-73D2593A1244}"
EndProject
Project("{9A19103F-16F7-4668-BE54-9A1E7A4F7556}") = "9.2.MessageDecrypter", "..\9.2.MessageDecrypter\9.2.MessageDecrypter.csproj", "{CA0C5C10-0DE9-449D-9F48-6A36E53DB0B3}"
EndProject
Project("{9A19103F-16F7-4668-BE54-9A1E7A4F7556}") = "9.3.MessagesManager", "..\9.3.MessagesManager\9.3.MessagesManager.csproj", "{1642996F-C02F-4CD2-B095-731416593CEA}"
EndProject
Project("{9A19103F-16F7-4668-BE54-9A1E7A4F7556}") = "10.1.Concert", "..\10.1.Concert\10.1.Concert.csproj", "{0D264829-3914-452F-890B-653220BC30EB}"
EndProject
Project("{9A19103F-16F7-4668-BE54-9A1E7A4F7556}") = "10.2.SongEncryption", "..\10.2.SongEncryption\10.2.SongEncryption.csproj", "{26217459-98AB-4B50-84A1-F78E9CBA9B66}"
EndProject
Project("{9A19103F-16F7-4668-BE54-9A1E7A4F7556}") = "10.3.TheIsleOfMan", "..\10.3.TheIsleOfMan\10.3.TheIsleOfMan.csproj", "{3B414C12-A3CA-4FBE-A5B0-7648C8C37ED3}"
EndProject
Project("{FAE04EC0-301F-11D3-BF4B-00C04F79EFBC}") = "11.1.Exam1", "..\11.1\11.1.Exam1.csproj", "{6DF732D1-923D-4AB1-A161-6572B5732983}"
EndProject
Project("{FAE04EC0-301F-11D3-BF4B-00C04F79EFBC}") = "11.2.Exam2", "..\11.2.Exam2\11.2.Exam2.csproj", "{88F0FD80-6A86-4724-B39A-A3A54E10693B}"
EndProject
Project("{FAE04EC0-301F-11D3-BF4B-00C04F79EFBC}") = "11.3.Exam3", "..\11.3.Exam3\11.3.Exam3.csproj", "{55C06093-6102-4CDA-B63C-522E657434E1}"
EndProject
Global
	GlobalSection(SolutionConfigurationPlatforms) = preSolution
		Debug|Any CPU = Debug|Any CPU
		Release|Any CPU = Release|Any CPU
	EndGlobalSection
	GlobalSection(ProjectConfigurationPlatforms) = postSolution
		{DAB0F7CA-51E7-4D44-A6D8-3EDC43852A2C}.Debug|Any CPU.ActiveCfg = Debug|Any CPU
		{DAB0F7CA-51E7-4D44-A6D8-3EDC43852A2C}.Debug|Any CPU.Build.0 = Debug|Any CPU
		{DAB0F7CA-51E7-4D44-A6D8-3EDC43852A2C}.Release|Any CPU.ActiveCfg = Release|Any CPU
		{DAB0F7CA-51E7-4D44-A6D8-3EDC43852A2C}.Release|Any CPU.Build.0 = Release|Any CPU
		{2DD095BB-6FE3-4C0D-A669-13A9F959280F}.Debug|Any CPU.ActiveCfg = Debug|Any CPU
		{2DD095BB-6FE3-4C0D-A669-13A9F959280F}.Debug|Any CPU.Build.0 = Debug|Any CPU
		{2DD095BB-6FE3-4C0D-A669-13A9F959280F}.Release|Any CPU.ActiveCfg = Release|Any CPU
		{2DD095BB-6FE3-4C0D-A669-13A9F959280F}.Release|Any CPU.Build.0 = Release|Any CPU
		{F7998CBB-7F07-4EE7-9DDE-5D82B8AACE5F}.Debug|Any CPU.ActiveCfg = Debug|Any CPU
		{F7998CBB-7F07-4EE7-9DDE-5D82B8AACE5F}.Debug|Any CPU.Build.0 = Debug|Any CPU
		{F7998CBB-7F07-4EE7-9DDE-5D82B8AACE5F}.Release|Any CPU.ActiveCfg = Release|Any CPU
		{F7998CBB-7F07-4EE7-9DDE-5D82B8AACE5F}.Release|Any CPU.Build.0 = Release|Any CPU
		{709ED1D7-7167-4370-A303-6AF2B27795AC}.Debug|Any CPU.ActiveCfg = Debug|Any CPU
		{709ED1D7-7167-4370-A303-6AF2B27795AC}.Debug|Any CPU.Build.0 = Debug|Any CPU
		{709ED1D7-7167-4370-A303-6AF2B27795AC}.Release|Any CPU.ActiveCfg = Release|Any CPU
		{709ED1D7-7167-4370-A303-6AF2B27795AC}.Release|Any CPU.Build.0 = Release|Any CPU
		{2CB30AEB-C2E9-4BD4-A215-1338AF15B670}.Debug|Any CPU.ActiveCfg = Debug|Any CPU
		{2CB30AEB-C2E9-4BD4-A215-1338AF15B670}.Debug|Any CPU.Build.0 = Debug|Any CPU
		{2CB30AEB-C2E9-4BD4-A215-1338AF15B670}.Release|Any CPU.ActiveCfg = Release|Any CPU
		{2CB30AEB-C2E9-4BD4-A215-1338AF15B670}.Release|Any CPU.Build.0 = Release|Any CPU
		{C0CA6A62-A194-4354-BEC7-A4C94847FBDA}.Debug|Any CPU.ActiveCfg = Debug|Any CPU
		{C0CA6A62-A194-4354-BEC7-A4C94847FBDA}.Debug|Any CPU.Build.0 = Debug|Any CPU
		{C0CA6A62-A194-4354-BEC7-A4C94847FBDA}.Release|Any CPU.ActiveCfg = Release|Any CPU
		{C0CA6A62-A194-4354-BEC7-A4C94847FBDA}.Release|Any CPU.Build.0 = Release|Any CPU
		{3C1A2757-65DF-47D2-B46B-4CD0531D974D}.Debug|Any CPU.ActiveCfg = Debug|Any CPU
		{3C1A2757-65DF-47D2-B46B-4CD0531D974D}.Debug|Any CPU.Build.0 = Debug|Any CPU
		{3C1A2757-65DF-47D2-B46B-4CD0531D974D}.Release|Any CPU.ActiveCfg = Release|Any CPU
		{3C1A2757-65DF-47D2-B46B-4CD0531D974D}.Release|Any CPU.Build.0 = Release|Any CPU
		{B84B1E86-3A9D-4DC0-8394-8D047FAFBECB}.Debug|Any CPU.ActiveCfg = Debug|Any CPU
		{B84B1E86-3A9D-4DC0-8394-8D047FAFBECB}.Debug|Any CPU.Build.0 = Debug|Any CPU
		{B84B1E86-3A9D-4DC0-8394-8D047FAFBECB}.Release|Any CPU.ActiveCfg = Release|Any CPU
		{B84B1E86-3A9D-4DC0-8394-8D047FAFBECB}.Release|Any CPU.Build.0 = Release|Any CPU
		{D159DE99-926F-4701-BD88-16EC69FD3E6A}.Debug|Any CPU.ActiveCfg = Debug|Any CPU
		{D159DE99-926F-4701-BD88-16EC69FD3E6A}.Debug|Any CPU.Build.0 = Debug|Any CPU
		{D159DE99-926F-4701-BD88-16EC69FD3E6A}.Release|Any CPU.ActiveCfg = Release|Any CPU
		{D159DE99-926F-4701-BD88-16EC69FD3E6A}.Release|Any CPU.Build.0 = Release|Any CPU
		{4F38114D-EDDE-4DC0-98DB-B3D02592C2E7}.Debug|Any CPU.ActiveCfg = Debug|Any CPU
		{4F38114D-EDDE-4DC0-98DB-B3D02592C2E7}.Debug|Any CPU.Build.0 = Debug|Any CPU
		{4F38114D-EDDE-4DC0-98DB-B3D02592C2E7}.Release|Any CPU.ActiveCfg = Release|Any CPU
		{4F38114D-EDDE-4DC0-98DB-B3D02592C2E7}.Release|Any CPU.Build.0 = Release|Any CPU
		{C78A451E-5045-4B3D-BD45-73D2593A1244}.Debug|Any CPU.ActiveCfg = Debug|Any CPU
		{C78A451E-5045-4B3D-BD45-73D2593A1244}.Debug|Any CPU.Build.0 = Debug|Any CPU
		{C78A451E-5045-4B3D-BD45-73D2593A1244}.Release|Any CPU.ActiveCfg = Release|Any CPU
		{C78A451E-5045-4B3D-BD45-73D2593A1244}.Release|Any CPU.Build.0 = Release|Any CPU
		{CA0C5C10-0DE9-449D-9F48-6A36E53DB0B3}.Debug|Any CPU.ActiveCfg = Debug|Any CPU
		{CA0C5C10-0DE9-449D-9F48-6A36E53DB0B3}.Debug|Any CPU.Build.0 = Debug|Any CPU
		{CA0C5C10-0DE9-449D-9F48-6A36E53DB0B3}.Release|Any CPU.ActiveCfg = Release|Any CPU
		{CA0C5C10-0DE9-449D-9F48-6A36E53DB0B3}.Release|Any CPU.Build.0 = Release|Any CPU
		{1642996F-C02F-4CD2-B095-731416593CEA}.Debug|Any CPU.ActiveCfg = Debug|Any CPU
		{1642996F-C02F-4CD2-B095-731416593CEA}.Debug|Any CPU.Build.0 = Debug|Any CPU
		{1642996F-C02F-4CD2-B095-731416593CEA}.Release|Any CPU.ActiveCfg = Release|Any CPU
		{1642996F-C02F-4CD2-B095-731416593CEA}.Release|Any CPU.Build.0 = Release|Any CPU
		{0D264829-3914-452F-890B-653220BC30EB}.Debug|Any CPU.ActiveCfg = Debug|Any CPU
		{0D264829-3914-452F-890B-653220BC30EB}.Debug|Any CPU.Build.0 = Debug|Any CPU
		{0D264829-3914-452F-890B-653220BC30EB}.Release|Any CPU.ActiveCfg = Release|Any CPU
		{0D264829-3914-452F-890B-653220BC30EB}.Release|Any CPU.Build.0 = Release|Any CPU
		{26217459-98AB-4B50-84A1-F78E9CBA9B66}.Debug|Any CPU.ActiveCfg = Debug|Any CPU
		{26217459-98AB-4B50-84A1-F78E9CBA9B66}.Debug|Any CPU.Build.0 = Debug|Any CPU
		{26217459-98AB-4B50-84A1-F78E9CBA9B66}.Release|Any CPU.ActiveCfg = Release|Any CPU
		{26217459-98AB-4B50-84A1-F78E9CBA9B66}.Release|Any CPU.Build.0 = Release|Any CPU
		{3B414C12-A3CA-4FBE-A5B0-7648C8C37ED3}.Debug|Any CPU.ActiveCfg = Debug|Any CPU
		{3B414C12-A3CA-4FBE-A5B0-7648C8C37ED3}.Debug|Any CPU.Build.0 = Debug|Any CPU
		{3B414C12-A3CA-4FBE-A5B0-7648C8C37ED3}.Release|Any CPU.ActiveCfg = Release|Any CPU
		{3B414C12-A3CA-4FBE-A5B0-7648C8C37ED3}.Release|Any CPU.Build.0 = Release|Any CPU
		{6DF732D1-923D-4AB1-A161-6572B5732983}.Debug|Any CPU.ActiveCfg = Debug|Any CPU
		{6DF732D1-923D-4AB1-A161-6572B5732983}.Debug|Any CPU.Build.0 = Debug|Any CPU
		{6DF732D1-923D-4AB1-A161-6572B5732983}.Release|Any CPU.ActiveCfg = Release|Any CPU
		{6DF732D1-923D-4AB1-A161-6572B5732983}.Release|Any CPU.Build.0 = Release|Any CPU
		{88F0FD80-6A86-4724-B39A-A3A54E10693B}.Debug|Any CPU.ActiveCfg = Debug|Any CPU
		{88F0FD80-6A86-4724-B39A-A3A54E10693B}.Debug|Any CPU.Build.0 = Debug|Any CPU
		{88F0FD80-6A86-4724-B39A-A3A54E10693B}.Release|Any CPU.ActiveCfg = Release|Any CPU
		{88F0FD80-6A86-4724-B39A-A3A54E10693B}.Release|Any CPU.Build.0 = Release|Any CPU
		{55C06093-6102-4CDA-B63C-522E657434E1}.Debug|Any CPU.ActiveCfg = Debug|Any CPU
		{55C06093-6102-4CDA-B63C-522E657434E1}.Debug|Any CPU.Build.0 = Debug|Any CPU
		{55C06093-6102-4CDA-B63C-522E657434E1}.Release|Any CPU.ActiveCfg = Release|Any CPU
		{55C06093-6102-4CDA-B63C-522E657434E1}.Release|Any CPU.Build.0 = Release|Any CPU
	EndGlobalSection
	GlobalSection(SolutionProperties) = preSolution
		HideSolutionNode = FALSE
	EndGlobalSection
	GlobalSection(ExtensibilityGlobals) = postSolution
		SolutionGuid = {67700094-0F88-4CD9-9083-5145487CAB30}
	EndGlobalSection
EndGlobal
