
Microsoft Visual Studio Solution File, Format Version 12.00
# Visual Studio Version 16
VisualStudioVersion = 16.0.29806.167
MinimumVisualStudioVersion = 10.0.40219.1
Project("{9A19103F-16F7-4668-BE54-9A1E7A4F7556}") = "FundExamPrep2", "FundExamPrep2.csproj", "{DAB0F7CA-51E7-4D44-A6D8-3EDC43852A2C}"
EndProject
Project("{9A19103F-16F7-4668-BE54-9A1E7A4F7556}") = "6.1.EmailValidator", "..\6.1.EmailValidator\6.1.EmailValidator.csproj", "{2DD095BB-6FE3-4C0D-A669-13A9F959280F}"
EndProject
Project("{9A19103F-16F7-4668-BE54-9A1E7A4F7556}") = "6.2.Registration", "..\6.2.Registration\6.2.Registration.csproj", "{F7998CBB-7F07-4EE7-9DDE-5D82B8AACE5F}"
EndProject
Project("{9A19103F-16F7-4668-BE54-9A1E7A4F7556}") = "6.3.InboxManager", "..\6.3.InboxManager\6.3.InboxManager.csproj", "{709ED1D7-7167-4370-A303-6AF2B27795AC}"
EndProject
Project("{FAE04EC0-301F-11D3-BF4B-00C04F79EFBC}") = "7.1.Username", "..\7.1.Username\7.1.Username.csproj", "{2CB30AEB-C2E9-4BD4-A215-1338AF15B670}"
EndProject
Project("{FAE04EC0-301F-11D3-BF4B-00C04F79EFBC}") = "7.2.Password", "..\7.2.Password\7.2.Password.csproj", "{C0CA6A62-A194-4354-BEC7-A4C94847FBDA}"
EndProject
Global
	GlobalSection(SolutionConfigurationPlatforms) = preSolution
		Debug|Any CPU = Debug|Any CPU
		Release|Any CPU = Release|Any CPU
	EndGlobalSection
	GlobalSection(ProjectConfigurationPlatforms) = postSolution
		{DAB0F7CA-51E7-4D44-A6D8-3EDC43852A2C}.Debug|Any CPU.ActiveCfg = Debug|Any CPU
		{DAB0F7CA-51E7-4D44-A6D8-3EDC43852A2C}.Debug|Any CPU.Build.0 = Debug|Any CPU
		{DAB0F7CA-51E7-4D44-A6D8-3EDC43852A2C}.Release|Any CPU.ActiveCfg = Release|Any CPU
		{DAB0F7CA-51E7-4D44-A6D8-3EDC43852A2C}.Release|Any CPU.Build.0 = Release|Any CPU
		{2DD095BB-6FE3-4C0D-A669-13A9F959280F}.Debug|Any CPU.ActiveCfg = Debug|Any CPU
		{2DD095BB-6FE3-4C0D-A669-13A9F959280F}.Debug|Any CPU.Build.0 = Debug|Any CPU
		{2DD095BB-6FE3-4C0D-A669-13A9F959280F}.Release|Any CPU.ActiveCfg = Release|Any CPU
		{2DD095BB-6FE3-4C0D-A669-13A9F959280F}.Release|Any CPU.Build.0 = Release|Any CPU
		{F7998CBB-7F07-4EE7-9DDE-5D82B8AACE5F}.Debug|Any CPU.ActiveCfg = Debug|Any CPU
		{F7998CBB-7F07-4EE7-9DDE-5D82B8AACE5F}.Debug|Any CPU.Build.0 = Debug|Any CPU
		{F7998CBB-7F07-4EE7-9DDE-5D82B8AACE5F}.Release|Any CPU.ActiveCfg = Release|Any CPU
		{F7998CBB-7F07-4EE7-9DDE-5D82B8AACE5F}.Release|Any CPU.Build.0 = Release|Any CPU
		{709ED1D7-7167-4370-A303-6AF2B27795AC}.Debug|Any CPU.ActiveCfg = Debug|Any CPU
		{709ED1D7-7167-4370-A303-6AF2B27795AC}.Debug|Any CPU.Build.0 = Debug|Any CPU
		{709ED1D7-7167-4370-A303-6AF2B27795AC}.Release|Any CPU.ActiveCfg = Release|Any CPU
		{709ED1D7-7167-4370-A303-6AF2B27795AC}.Release|Any CPU.Build.0 = Release|Any CPU
		{2CB30AEB-C2E9-4BD4-A215-1338AF15B670}.Debug|Any CPU.ActiveCfg = Debug|Any CPU
		{2CB30AEB-C2E9-4BD4-A215-1338AF15B670}.Debug|Any CPU.Build.0 = Debug|Any CPU
		{2CB30AEB-C2E9-4BD4-A215-1338AF15B670}.Release|Any CPU.ActiveCfg = Release|Any CPU
		{2CB30AEB-C2E9-4BD4-A215-1338AF15B670}.Release|Any CPU.Build.0 = Release|Any CPU
		{C0CA6A62-A194-4354-BEC7-A4C94847FBDA}.Debug|Any CPU.ActiveCfg = Debug|Any CPU
		{C0CA6A62-A194-4354-BEC7-A4C94847FBDA}.Debug|Any CPU.Build.0 = Debug|Any CPU
		{C0CA6A62-A194-4354-BEC7-A4C94847FBDA}.Release|Any CPU.ActiveCfg = Release|Any CPU
		{C0CA6A62-A194-4354-BEC7-A4C94847FBDA}.Release|Any CPU.Build.0 = Release|Any CPU
	EndGlobalSection
	GlobalSection(SolutionProperties) = preSolution
		HideSolutionNode = FALSE
	EndGlobalSection
	GlobalSection(ExtensibilityGlobals) = postSolution
		SolutionGuid = {67700094-0F88-4CD9-9083-5145487CAB30}
	EndGlobalSection
EndGlobal
