
Microsoft Visual Studio Solution File, Format Version 12.00
# Visual Studio Version 16
VisualStudioVersion = 16.0.29806.167
MinimumVisualStudioVersion = 10.0.40219.1
Project("{9A19103F-16F7-4668-BE54-9A1E7A4F7556}") = "FundExamPreparation", "FundExamPreparation.csproj", "{ADCF34C5-C0A8-4DEF-AEA4-045A35B0C984}"
EndProject
Project("{9A19103F-16F7-4668-BE54-9A1E7A4F7556}") = "1.1SecretChat", "..\1.1SecretChat\1.1SecretChat.csproj", "{5558328E-1B25-4921-BC4F-D804259537FE}"
EndProject
Project("{9A19103F-16F7-4668-BE54-9A1E7A4F7556}") = "1.2MirrorWords", "..\1.2MirrorWords\1.2MirrorWords.csproj", "{C74348D7-26F7-4A80-9184-674DB3FC32D4}"
EndProject
Project("{9A19103F-16F7-4668-BE54-9A1E7A4F7556}") = "1.3.NeedForSpeed", "..\1.3.NeedForSpeed\1.3.NeedForSpeed.csproj", "{3E3A6738-E3D9-4EE9-8E54-795CDE901141}"
EndProject
Project("{9A19103F-16F7-4668-BE54-9A1E7A4F7556}") = "2.1ResetPassword", "..\2.1ResetPassword\2.1ResetPassword.csproj", "{A906D3A6-5542-49A9-A887-3ECFD9A7DF8D}"
EndProject
Project("{9A19103F-16F7-4668-BE54-9A1E7A4F7556}") = "2.2FancyBarcodes", "..\2.2FancyBarcodes\2.2FancyBarcodes.csproj", "{D0D5B71E-82DE-4B9A-BAD2-FF2B1DFC635C}"
EndProject
Project("{9A19103F-16F7-4668-BE54-9A1E7A4F7556}") = "2.3HeroesOfCodeAndLogicIII", "..\2.3HeroesOfCodeAndLogicIII\2.3HeroesOfCodeAndLogicIII.csproj", "{0E44958F-8D8D-4C00-B4A7-18208CC85724}"
EndProject
Project("{9A19103F-16F7-4668-BE54-9A1E7A4F7556}") = "3.1ActivationKeys", "..\3.1ActivationKeys\3.1ActivationKeys.csproj", "{114CE7C7-DE77-4C04-B563-4CBF3BCB37C3}"
EndProject
Project("{9A19103F-16F7-4668-BE54-9A1E7A4F7556}") = "3.2EmojiDetector", "..\3.2EmojiDetector\3.2EmojiDetector.csproj", "{5A7431B3-2A5A-4119-A81D-FE91C6D12F62}"
EndProject
Project("{9A19103F-16F7-4668-BE54-9A1E7A4F7556}") = "3.3Pirates", "..\3.3Pirates\3.3Pirates.csproj", "{E40FBF76-5A52-4132-89A7-F64041E56EDD}"
EndProject
Project("{9A19103F-16F7-4668-BE54-9A1E7A4F7556}") = "4.1WarriorQuest", "..\4.1WarriorQuest\4.1WarriorQuest.csproj", "{48861B07-BFC8-4716-A93A-1CC4785B70EB}"
EndProject
Project("{9A19103F-16F7-4668-BE54-9A1E7A4F7556}") = "4.2BossRush", "..\4.2BossRush\4.2BossRush.csproj", "{E2DEEA63-BF69-446C-91E5-78AE555F5EE5}"
EndProject
Project("{9A19103F-16F7-4668-BE54-9A1E7A4F7556}") = "4.3HeroRecruitment", "..\4.3HeroRecruitment\4.3HeroRecruitment.csproj", "{767D80D1-19D3-474C-BACA-09A09824372B}"
EndProject
Project("{9A19103F-16F7-4668-BE54-9A1E7A4F7556}") = "5.1NikuldenCharity", "..\5.1NikuldenCharity\5.1NikuldenCharity.csproj", "{820BDF83-1F8C-4136-B16F-F3206D512E82}"
EndProject
Project("{FAE04EC0-301F-11D3-BF4B-00C04F79EFBC}") = "5.2MessageTranslator", "..\5.2MessageTranslator\5.2MessageTranslator.csproj", "{D54C2B62-40D9-478C-903D-325975CEC21D}"
EndProject
Project("{FAE04EC0-301F-11D3-BF4B-00C04F79EFBC}") = "5.3NikuldenMeals", "..\5.3NikuldenMeals\5.3NikuldenMeals.csproj", "{350BB60D-70C7-4943-B855-646BAF568027}"
EndProject
Global
	GlobalSection(SolutionConfigurationPlatforms) = preSolution
		Debug|Any CPU = Debug|Any CPU
		Release|Any CPU = Release|Any CPU
	EndGlobalSection
	GlobalSection(ProjectConfigurationPlatforms) = postSolution
		{ADCF34C5-C0A8-4DEF-AEA4-045A35B0C984}.Debug|Any CPU.ActiveCfg = Debug|Any CPU
		{ADCF34C5-C0A8-4DEF-AEA4-045A35B0C984}.Debug|Any CPU.Build.0 = Debug|Any CPU
		{ADCF34C5-C0A8-4DEF-AEA4-045A35B0C984}.Release|Any CPU.ActiveCfg = Release|Any CPU
		{ADCF34C5-C0A8-4DEF-AEA4-045A35B0C984}.Release|Any CPU.Build.0 = Release|Any CPU
		{5558328E-1B25-4921-BC4F-D804259537FE}.Debug|Any CPU.ActiveCfg = Debug|Any CPU
		{5558328E-1B25-4921-BC4F-D804259537FE}.Debug|Any CPU.Build.0 = Debug|Any CPU
		{5558328E-1B25-4921-BC4F-D804259537FE}.Release|Any CPU.ActiveCfg = Release|Any CPU
		{5558328E-1B25-4921-BC4F-D804259537FE}.Release|Any CPU.Build.0 = Release|Any CPU
		{C74348D7-26F7-4A80-9184-674DB3FC32D4}.Debug|Any CPU.ActiveCfg = Debug|Any CPU
		{C74348D7-26F7-4A80-9184-674DB3FC32D4}.Debug|Any CPU.Build.0 = Debug|Any CPU
		{C74348D7-26F7-4A80-9184-674DB3FC32D4}.Release|Any CPU.ActiveCfg = Release|Any CPU
		{C74348D7-26F7-4A80-9184-674DB3FC32D4}.Release|Any CPU.Build.0 = Release|Any CPU
		{3E3A6738-E3D9-4EE9-8E54-795CDE901141}.Debug|Any CPU.ActiveCfg = Debug|Any CPU
		{3E3A6738-E3D9-4EE9-8E54-795CDE901141}.Debug|Any CPU.Build.0 = Debug|Any CPU
		{3E3A6738-E3D9-4EE9-8E54-795CDE901141}.Release|Any CPU.ActiveCfg = Release|Any CPU
		{3E3A6738-E3D9-4EE9-8E54-795CDE901141}.Release|Any CPU.Build.0 = Release|Any CPU
		{A906D3A6-5542-49A9-A887-3ECFD9A7DF8D}.Debug|Any CPU.ActiveCfg = Debug|Any CPU
		{A906D3A6-5542-49A9-A887-3ECFD9A7DF8D}.Debug|Any CPU.Build.0 = Debug|Any CPU
		{A906D3A6-5542-49A9-A887-3ECFD9A7DF8D}.Release|Any CPU.ActiveCfg = Release|Any CPU
		{A906D3A6-5542-49A9-A887-3ECFD9A7DF8D}.Release|Any CPU.Build.0 = Release|Any CPU
		{D0D5B71E-82DE-4B9A-BAD2-FF2B1DFC635C}.Debug|Any CPU.ActiveCfg = Debug|Any CPU
		{D0D5B71E-82DE-4B9A-BAD2-FF2B1DFC635C}.Debug|Any CPU.Build.0 = Debug|Any CPU
		{D0D5B71E-82DE-4B9A-BAD2-FF2B1DFC635C}.Release|Any CPU.ActiveCfg = Release|Any CPU
		{D0D5B71E-82DE-4B9A-BAD2-FF2B1DFC635C}.Release|Any CPU.Build.0 = Release|Any CPU
		{0E44958F-8D8D-4C00-B4A7-18208CC85724}.Debug|Any CPU.ActiveCfg = Debug|Any CPU
		{0E44958F-8D8D-4C00-B4A7-18208CC85724}.Debug|Any CPU.Build.0 = Debug|Any CPU
		{0E44958F-8D8D-4C00-B4A7-18208CC85724}.Release|Any CPU.ActiveCfg = Release|Any CPU
		{0E44958F-8D8D-4C00-B4A7-18208CC85724}.Release|Any CPU.Build.0 = Release|Any CPU
		{114CE7C7-DE77-4C04-B563-4CBF3BCB37C3}.Debug|Any CPU.ActiveCfg = Debug|Any CPU
		{114CE7C7-DE77-4C04-B563-4CBF3BCB37C3}.Debug|Any CPU.Build.0 = Debug|Any CPU
		{114CE7C7-DE77-4C04-B563-4CBF3BCB37C3}.Release|Any CPU.ActiveCfg = Release|Any CPU
		{114CE7C7-DE77-4C04-B563-4CBF3BCB37C3}.Release|Any CPU.Build.0 = Release|Any CPU
		{5A7431B3-2A5A-4119-A81D-FE91C6D12F62}.Debug|Any CPU.ActiveCfg = Debug|Any CPU
		{5A7431B3-2A5A-4119-A81D-FE91C6D12F62}.Debug|Any CPU.Build.0 = Debug|Any CPU
		{5A7431B3-2A5A-4119-A81D-FE91C6D12F62}.Release|Any CPU.ActiveCfg = Release|Any CPU
		{5A7431B3-2A5A-4119-A81D-FE91C6D12F62}.Release|Any CPU.Build.0 = Release|Any CPU
		{E40FBF76-5A52-4132-89A7-F64041E56EDD}.Debug|Any CPU.ActiveCfg = Debug|Any CPU
		{E40FBF76-5A52-4132-89A7-F64041E56EDD}.Debug|Any CPU.Build.0 = Debug|Any CPU
		{E40FBF76-5A52-4132-89A7-F64041E56EDD}.Release|Any CPU.ActiveCfg = Release|Any CPU
		{E40FBF76-5A52-4132-89A7-F64041E56EDD}.Release|Any CPU.Build.0 = Release|Any CPU
		{48861B07-BFC8-4716-A93A-1CC4785B70EB}.Debug|Any CPU.ActiveCfg = Debug|Any CPU
		{48861B07-BFC8-4716-A93A-1CC4785B70EB}.Debug|Any CPU.Build.0 = Debug|Any CPU
		{48861B07-BFC8-4716-A93A-1CC4785B70EB}.Release|Any CPU.ActiveCfg = Release|Any CPU
		{48861B07-BFC8-4716-A93A-1CC4785B70EB}.Release|Any CPU.Build.0 = Release|Any CPU
		{E2DEEA63-BF69-446C-91E5-78AE555F5EE5}.Debug|Any CPU.ActiveCfg = Debug|Any CPU
		{E2DEEA63-BF69-446C-91E5-78AE555F5EE5}.Debug|Any CPU.Build.0 = Debug|Any CPU
		{E2DEEA63-BF69-446C-91E5-78AE555F5EE5}.Release|Any CPU.ActiveCfg = Release|Any CPU
		{E2DEEA63-BF69-446C-91E5-78AE555F5EE5}.Release|Any CPU.Build.0 = Release|Any CPU
		{767D80D1-19D3-474C-BACA-09A09824372B}.Debug|Any CPU.ActiveCfg = Debug|Any CPU
		{767D80D1-19D3-474C-BACA-09A09824372B}.Debug|Any CPU.Build.0 = Debug|Any CPU
		{767D80D1-19D3-474C-BACA-09A09824372B}.Release|Any CPU.ActiveCfg = Release|Any CPU
		{767D80D1-19D3-474C-BACA-09A09824372B}.Release|Any CPU.Build.0 = Release|Any CPU
		{820BDF83-1F8C-4136-B16F-F3206D512E82}.Debug|Any CPU.ActiveCfg = Debug|Any CPU
		{820BDF83-1F8C-4136-B16F-F3206D512E82}.Debug|Any CPU.Build.0 = Debug|Any CPU
		{820BDF83-1F8C-4136-B16F-F3206D512E82}.Release|Any CPU.ActiveCfg = Release|Any CPU
		{820BDF83-1F8C-4136-B16F-F3206D512E82}.Release|Any CPU.Build.0 = Release|Any CPU
		{D54C2B62-40D9-478C-903D-325975CEC21D}.Debug|Any CPU.ActiveCfg = Debug|Any CPU
		{D54C2B62-40D9-478C-903D-325975CEC21D}.Debug|Any CPU.Build.0 = Debug|Any CPU
		{D54C2B62-40D9-478C-903D-325975CEC21D}.Release|Any CPU.ActiveCfg = Release|Any CPU
		{D54C2B62-40D9-478C-903D-325975CEC21D}.Release|Any CPU.Build.0 = Release|Any CPU
		{350BB60D-70C7-4943-B855-646BAF568027}.Debug|Any CPU.ActiveCfg = Debug|Any CPU
		{350BB60D-70C7-4943-B855-646BAF568027}.Debug|Any CPU.Build.0 = Debug|Any CPU
		{350BB60D-70C7-4943-B855-646BAF568027}.Release|Any CPU.ActiveCfg = Release|Any CPU
		{350BB60D-70C7-4943-B855-646BAF568027}.Release|Any CPU.Build.0 = Release|Any CPU
	EndGlobalSection
	GlobalSection(SolutionProperties) = preSolution
		HideSolutionNode = FALSE
	EndGlobalSection
	GlobalSection(ExtensibilityGlobals) = postSolution
		SolutionGuid = {BD8E8150-47CC-491A-A707-59F162BB9D4E}
	EndGlobalSection
EndGlobal
