
Microsoft Visual Studio Solution File, Format Version 12.00
# Visual Studio Version 16
VisualStudioVersion = 16.0.29806.167
MinimumVisualStudioVersion = 10.0.40219.1
Project("{FAE04EC0-301F-11D3-BF4B-00C04F79EFBC}") = "BasicSyntaxLab", "BasicSyntaxLab.csproj", "{263BA0C6-712C-4E58-9E6A-134A25B963B3}"
EndProject
Project("{FAE04EC0-301F-11D3-BF4B-00C04F79EFBC}") = "Stamat", "..\ConsoleApp1\Stamat.csproj", "{4E4E2E8D-55E1-4DF1-AAE7-3997DA80E30C}"
EndProject
Project("{FAE04EC0-301F-11D3-BF4B-00C04F79EFBC}") = "divisible3", "..\divisible3\divisible3.csproj", "{55C2F7B2-5EF9-4E1C-B836-4EC6B0F370F3}"
EndProject
Project("{FAE04EC0-301F-11D3-BF4B-00C04F79EFBC}") = "Multiplication", "..\Multiplication\Multiplication.csproj", "{247DF839-6BC7-4A98-B9E4-5D18C8E26BBD}"
EndProject
Project("{FAE04EC0-301F-11D3-BF4B-00C04F79EFBC}") = "even number", "..\even number\even number.csproj", "{A0BA9E23-7F88-477F-B022-0CE80032DC98}"
EndProject
Global
	GlobalSection(SolutionConfigurationPlatforms) = preSolution
		Debug|Any CPU = Debug|Any CPU
		Release|Any CPU = Release|Any CPU
	EndGlobalSection
	GlobalSection(ProjectConfigurationPlatforms) = postSolution
		{263BA0C6-712C-4E58-9E6A-134A25B963B3}.Debug|Any CPU.ActiveCfg = Debug|Any CPU
		{263BA0C6-712C-4E58-9E6A-134A25B963B3}.Debug|Any CPU.Build.0 = Debug|Any CPU
		{263BA0C6-712C-4E58-9E6A-134A25B963B3}.Release|Any CPU.ActiveCfg = Release|Any CPU
		{263BA0C6-712C-4E58-9E6A-134A25B963B3}.Release|Any CPU.Build.0 = Release|Any CPU
		{4E4E2E8D-55E1-4DF1-AAE7-3997DA80E30C}.Debug|Any CPU.ActiveCfg = Debug|Any CPU
		{4E4E2E8D-55E1-4DF1-AAE7-3997DA80E30C}.Debug|Any CPU.Build.0 = Debug|Any CPU
		{4E4E2E8D-55E1-4DF1-AAE7-3997DA80E30C}.Release|Any CPU.ActiveCfg = Release|Any CPU
		{4E4E2E8D-55E1-4DF1-AAE7-3997DA80E30C}.Release|Any CPU.Build.0 = Release|Any CPU
		{55C2F7B2-5EF9-4E1C-B836-4EC6B0F370F3}.Debug|Any CPU.ActiveCfg = Debug|Any CPU
		{55C2F7B2-5EF9-4E1C-B836-4EC6B0F370F3}.Debug|Any CPU.Build.0 = Debug|Any CPU
		{55C2F7B2-5EF9-4E1C-B836-4EC6B0F370F3}.Release|Any CPU.ActiveCfg = Release|Any CPU
		{55C2F7B2-5EF9-4E1C-B836-4EC6B0F370F3}.Release|Any CPU.Build.0 = Release|Any CPU
		{247DF839-6BC7-4A98-B9E4-5D18C8E26BBD}.Debug|Any CPU.ActiveCfg = Debug|Any CPU
		{247DF839-6BC7-4A98-B9E4-5D18C8E26BBD}.Debug|Any CPU.Build.0 = Debug|Any CPU
		{247DF839-6BC7-4A98-B9E4-5D18C8E26BBD}.Release|Any CPU.ActiveCfg = Release|Any CPU
		{247DF839-6BC7-4A98-B9E4-5D18C8E26BBD}.Release|Any CPU.Build.0 = Release|Any CPU
		{A0BA9E23-7F88-477F-B022-0CE80032DC98}.Debug|Any CPU.ActiveCfg = Debug|Any CPU
		{A0BA9E23-7F88-477F-B022-0CE80032DC98}.Debug|Any CPU.Build.0 = Debug|Any CPU
		{A0BA9E23-7F88-477F-B022-0CE80032DC98}.Release|Any CPU.ActiveCfg = Release|Any CPU
		{A0BA9E23-7F88-477F-B022-0CE80032DC98}.Release|Any CPU.Build.0 = Release|Any CPU
	EndGlobalSection
	GlobalSection(SolutionProperties) = preSolution
		HideSolutionNode = FALSE
	EndGlobalSection
	GlobalSection(ExtensibilityGlobals) = postSolution
		SolutionGuid = {8F91F042-C0B9-4A1F-8BCF-84E884BE8218}
	EndGlobalSection
EndGlobal
